# THIS IS AN AUTOGENERATED FILE. DO NOT EDIT THIS FILE DIRECTLY.
# yarn lockfile v1


"@envelop/core@^2.0.0":
  version "2.3.1"
  resolved "https://registry.yarnpkg.com/@envelop/core/-/core-2.3.1.tgz#77d502db2aa97846573d7c2e87a00bde840c7ebb"
  integrity sha512-AnYUci7EGyA8flml881lDvVDl6n/u6GQpVIOTsZVO29d4/rPqSJ2KFguDD3mjDL406doTTLNuDI4ndxfJl6fmQ==
  dependencies:
    "@envelop/types" "2.2.0"

"@envelop/parser-cache@^4.0.0":
  version "4.3.1"
  resolved "https://registry.yarnpkg.com/@envelop/parser-cache/-/parser-cache-4.3.1.tgz#3d9cfb869f5953bb866f3c82e28fc8606b576a60"
  integrity sha512-IqerCVjvVTiGvSZ8qSpdEc55hhiuekufJd0+ldWtyMPznhMaYOzpLifFUhjhhD7004eJM17n9vjJQFa7fIGz8Q==
  dependencies:
    tiny-lru "7.0.6"

"@envelop/types@2.2.0":
  version "2.2.0"
  resolved "https://registry.yarnpkg.com/@envelop/types/-/types-2.2.0.tgz#95776d9b63ba8974f52b476d4db5bb169febbe32"
  integrity sha512-Lghvfs0kh53G5mUKpCMlB/FhHh3O8SSR4hewB7JyE9hOEu/9h/6u+GHH/OEgdaRHky1Sae5Jf4grO+h21ka4ig==

"@envelop/validation-cache@^4.0.0":
  version "4.3.1"
  resolved "https://registry.yarnpkg.com/@envelop/validation-cache/-/validation-cache-4.3.1.tgz#a1f83e339d22d787cec3d6859e7abc9d4249aeb6"
  integrity sha512-lmtu9idhdWqbYkcFoFsL1ED4y38DLvj6EDEwE9tULXWuZm4WWmlNQAmKHAwB1d3kGVQAMtxM59crkOOJGRBgHQ==
  dependencies:
    tiny-lru "7.0.6"

"@graphql-tools/merge@8.2.7":
  version "8.2.7"
  resolved "https://registry.yarnpkg.com/@graphql-tools/merge/-/merge-8.2.7.tgz#add05bcc47df6b7390f31acbcadd986e160d58f9"
  integrity sha512-rKxjNogqu1UYAG/y5FOb6lJsmSQbWA+jq4inWjNEVX54VGGE7/WGnmPaqcsyomNOfS3vIRS6NnG+DxiQSqetjg==
  dependencies:
    "@graphql-tools/utils" "8.6.6"
    tslib "~2.3.0"

"@graphql-tools/schema@^8.3.1":
  version "8.3.7"
  resolved "https://registry.yarnpkg.com/@graphql-tools/schema/-/schema-8.3.7.tgz#6e2be8e17a1f97f4d11d5b787c414ec29400fde2"
  integrity sha512-7byr9J6rfMPFPfiR4u65dy20xHATTvbgOY7KYd1sYPnMKKfRZe0tUgpnE+noXcfob7N8s366WaVh7bEoztQMwg==
  dependencies:
    "@graphql-tools/merge" "8.2.7"
    "@graphql-tools/utils" "8.6.6"
    tslib "~2.3.0"
    value-or-promise "1.0.11"

"@graphql-tools/utils@8.6.6", "@graphql-tools/utils@^8.6.0":
  version "8.6.6"
  resolved "https://registry.yarnpkg.com/@graphql-tools/utils/-/utils-8.6.6.tgz#f7c88d32818b748f3e3867ed87a562769b544417"
  integrity sha512-wjY2ljKLCnnbRrDNPPgPNqCujou0LFSOWcxAjV6DYUlfFWTsAEvlYmsmY4T+K12wI/fnqoJ2bUwIlap1plFDMg==
  dependencies:
    tslib "~2.3.0"

"@graphql-typed-document-node/core@^3.1.1":
  version "3.1.1"
  resolved "https://registry.yarnpkg.com/@graphql-typed-document-node/core/-/core-3.1.1.tgz#076d78ce99822258cf813ecc1e7fa460fa74d052"
  integrity sha512-NQ17ii0rK1b34VZonlmT2QMJFI70m0TRwbknO/ihlbatXyaktDhN/98vBiUU6kNBPljqGqyIrl2T4nY2RpFANg==

"@graphql-yoga/common@2.8.0":
  version "2.8.0"
  resolved "https://registry.yarnpkg.com/@graphql-yoga/common/-/common-2.8.0.tgz#7588a6f3425138666273d197fc8ef64dd1f46b7d"
  integrity sha512-Gc9bPlLzoXVwuU7BLmNpguWDG8i5uMqs1bQCspM2TyIxchHJqvi9sHERbf29Ad5ivndjUUNByQCvkb1Ww/anMg==
  dependencies:
    "@envelop/core" "^2.0.0"
    "@envelop/parser-cache" "^4.0.0"
    "@envelop/validation-cache" "^4.0.0"
    "@graphql-tools/schema" "^8.3.1"
    "@graphql-tools/utils" "^8.6.0"
    "@graphql-typed-document-node/core" "^3.1.1"
    "@graphql-yoga/subscription" "2.0.0"
    cross-undici-fetch "^0.4.2"
    dset "^3.1.1"
    tslib "^2.3.1"

"@graphql-yoga/node@^2.8.0":
  version "2.8.0"
  resolved "https://registry.yarnpkg.com/@graphql-yoga/node/-/node-2.8.0.tgz#c6e5877fca44328c34968a732e80a20efdfbdf3c"
  integrity sha512-+EAWZLxZt2GCbeD1LM/Lp9m9XCyHqgKfZStkgwNQh/4o8WStLkoBRyUFvx9z7QusG7leLhuviZpv+OxD4dNcbQ==
  dependencies:
    "@envelop/core" "^2.0.0"
    "@graphql-tools/utils" "^8.6.0"
    "@graphql-yoga/common" "2.8.0"
    "@graphql-yoga/subscription" "2.0.0"
    cross-undici-fetch "^0.4.2"
    tslib "^2.3.1"

"@graphql-yoga/subscription@2.0.0":
  version "2.0.0"
  resolved "https://registry.yarnpkg.com/@graphql-yoga/subscription/-/subscription-2.0.0.tgz#8c6d3d78b2938a554efced7fd6c80cfaa80f7b8f"
  integrity sha512-HlG+gIddjIP3/BDrMZymdzmzDjNdYuSGMxx6+1JA83gAEVRDR4yOoT4QeNKYqRhLK9xca/Hxp1PfBpquSa244Q==
  dependencies:
    "@repeaterjs/repeater" "^3.0.4"
    tslib "^2.3.1"

"@repeaterjs/repeater@^3.0.4":
  version "3.0.4"
  resolved "https://registry.yarnpkg.com/@repeaterjs/repeater/-/repeater-3.0.4.tgz#a04d63f4d1bf5540a41b01a921c9a7fddc3bd1ca"
  integrity sha512-AW8PKd6iX3vAZ0vA43nOUOnbq/X5ihgU+mSXXqunMkeQADGiqw/PY0JNeYtD5sr0PAy51YPgAPbDoeapv9r8WA==

"@types/graphql-relay@^0.7.0":
  version "0.7.0"
  resolved "https://registry.yarnpkg.com/@types/graphql-relay/-/graphql-relay-0.7.0.tgz#e6187e7ba76bbf3dccbef32a21ba5d23affa7160"
  integrity sha512-LQHsyXFX5ZXFxgrLlRg5skLp17GBVTEzM8IE0iIt9Id5EwxS80qhdj2H01+7GzCPcRxVdQqbIFlTRUU6QFhaFw==
  dependencies:
    graphql-relay "*"

"@types/node@*":
  version "17.0.36"
  resolved "https://registry.yarnpkg.com/@types/node/-/node-17.0.36.tgz#c0d5f2fe76b47b63e0e0efc3d2049a9970d68794"
  integrity sha512-V3orv+ggDsWVHP99K3JlwtH20R7J4IhI1Kksgc+64q5VxgfRkQG8Ws3MFm/FZOKDYGy9feGFlZ70/HpCNe9QaA==

"@types/node@^12.11.1":
  version "12.11.2"
  resolved "https://registry.yarnpkg.com/@types/node/-/node-12.11.2.tgz#75ba3beda30d690b89a5089ca1c6e8e386150b76"
  integrity sha512-dsfE4BHJkLQW+reOS6b17xhZ/6FB1rB8eRRvO08nn5o+voxf3i74tuyFWNH6djdfgX7Sm5s6LD8t6mJug4dpDw==

"@types/ws@^8.5.3":
  version "8.5.3"
  resolved "https://registry.yarnpkg.com/@types/ws/-/ws-8.5.3.tgz#7d25a1ffbecd3c4f2d35068d0b283c037003274d"
  integrity sha512-6YOoWjruKj1uLf3INHH7D3qTXwFfEsg1kf3c0uDdSBJwfa/llkwIjrAGV7j7mVgGNbzTQ3HiHKKDXl6bJPD97w==
  dependencies:
    "@types/node" "*"

"@vercel/ncc@^0.33.4":
  version "0.33.4"
  resolved "https://registry.yarnpkg.com/@vercel/ncc/-/ncc-0.33.4.tgz#e44a87511f583b7ba88e4b9ae90eeb7ba252b872"
  integrity sha512-ln18hs7dMffelP47tpkaR+V5Tj6coykNyxJrlcmCormPqRQjB/Gv4cu2FfBG+PMzIfdZp2CLDsrrB1NPU22Qhg==

abort-controller@^3.0.0:
  version "3.0.0"
  resolved "https://registry.yarnpkg.com/abort-controller/-/abort-controller-3.0.0.tgz#eaf54d53b62bae4138e809ca225c8439a6efb392"
  integrity sha512-h8lQ8tacZYnR3vNQTgibj+tODHI5/+l06Au2Pcriv/Gmet0eaj4TwWH41sO9wnHDiQsEj19q0drzdWdeAHtweg==
  dependencies:
    event-target-shim "^5.0.0"

busboy@^1.6.0:
  version "1.6.0"
  resolved "https://registry.yarnpkg.com/busboy/-/busboy-1.6.0.tgz#966ea36a9502e43cdb9146962523b92f531f6893"
  integrity sha512-8SFQbg/0hQ9xy3UNTB0YEnsNBbWfhf7RtnzpL7TkBiTBRfrQ9Fxcnz7VJsleJpyp6rVLvXiuORqjlHi5q+PYuA==
  dependencies:
    streamsearch "^1.1.0"

cross-undici-fetch@^0.4.2:
  version "0.4.3"
  resolved "https://registry.yarnpkg.com/cross-undici-fetch/-/cross-undici-fetch-0.4.3.tgz#465d13d4d7d7a1dae75f8ad85aa0ecfa2752e99f"
  integrity sha512-mv1jusEQsFnBHEBkpFaYROKAzAWyuW8ZyN48NcyqkjLGRrscMKuFRmUigUrkE/pdprQZjNTQQ/aWJKe6F4tzTA==
  dependencies:
    abort-controller "^3.0.0"
    busboy "^1.6.0"
    form-data-encoder "^1.7.1"
    formdata-node "^4.3.1"
    node-fetch "^2.6.7"
    undici "^5.1.0"
    web-streams-polyfill "^3.2.0"

dset@^3.1.1:
  version "3.1.2"
  resolved "https://registry.yarnpkg.com/dset/-/dset-3.1.2.tgz#89c436ca6450398396dc6538ea00abc0c54cd45a"
  integrity sha512-g/M9sqy3oHe477Ar4voQxWtaPIFw1jTdKZuomOjhCcBx9nHUNn0pu6NopuFFrTh/TRZIKEj+76vLWFu9BNKk+Q==

envelop-plugin-relay-defer@^1.0.2:
  version "1.0.2"
  resolved "https://registry.yarnpkg.com/envelop-plugin-relay-defer/-/envelop-plugin-relay-defer-1.0.2.tgz#5d0bf07d55e5d9b994c0750da7d050d38cbbdccc"
  integrity sha512-tp5Sk2CPL4KW/YViw6e1nxXb6g//3zApcrvSLl17D2/MxK7kurkPXgGvPIy+t8W4q/51D9QkrqubxOdIL/aJ/w==

event-target-shim@^5.0.0:
  version "5.0.1"
  resolved "https://registry.yarnpkg.com/event-target-shim/-/event-target-shim-5.0.1.tgz#5d4d3ebdf9583d63a5333ce2deb7480ab2b05789"
  integrity sha512-i/2XbnSz/uxRCU6+NdVJgKWDTM427+MqYbkQzD321DuCQJUqOuJKIA0IM2+W2xtYHdKOmZ4dR6fExsd4SXL+WQ==

form-data-encoder@^1.7.1:
  version "1.7.2"
  resolved "https://registry.yarnpkg.com/form-data-encoder/-/form-data-encoder-1.7.2.tgz#1f1ae3dccf58ed4690b86d87e4f57c654fbab040"
  integrity sha512-qfqtYan3rxrnCk1VYaA4H+Ms9xdpPqvLZa6xmMgFvhO32x7/3J/ExcTd6qpxM0vH2GdMI+poehyBZvqfMTto8A==

formdata-node@^4.3.1:
  version "4.3.2"
  resolved "https://registry.yarnpkg.com/formdata-node/-/formdata-node-4.3.2.tgz#0262e94931e36db7239c2b08bdb6aaf18ec47d21"
  integrity sha512-k7lYJyzDOSL6h917favP8j1L0/wNyylzU+x+1w4p5haGVHNlP58dbpdJhiCUsDbWsa9HwEtLp89obQgXl2e0qg==
  dependencies:
    node-domexception "1.0.0"
    web-streams-polyfill "4.0.0-beta.1"

graphql-relay@*, graphql-relay@^0.10.0:
  version "0.10.0"
  resolved "https://registry.yarnpkg.com/graphql-relay/-/graphql-relay-0.10.0.tgz#3b661432edf1cb414cd4a132cf595350e524db2b"
  integrity sha512-44yBuw2/DLNEiMypbNZBt1yMDbBmyVPVesPywnteGGALiBmdyy1JP8jSg8ClLePg8ZZxk0O4BLhd1a6U/1jDOQ==

graphql-scalars@^1.17.0:
  version "1.17.0"
  resolved "https://registry.yarnpkg.com/graphql-scalars/-/graphql-scalars-1.17.0.tgz#10e4f0fe44472d475dd72f14412c065fd1b7aff8"
  integrity sha512-y1WtSu6jiW5QdDjK3RWMRTdK+xAAtSIq3IxmtnhxzH7bCkHV/z8VZa8fsSG4BcWbjQQtCQYQvMnvbQ+TBCyJRQ==
  dependencies:
    tslib "~2.3.0"

graphql-ws@^5.8.2:
  version "5.8.2"
  resolved "https://registry.yarnpkg.com/graphql-ws/-/graphql-ws-5.8.2.tgz#800184b1addb20b3010dc06cb70877703a5fff20"
  integrity sha512-hYo8kTGzxePFJtMGC7Y4cbypwifMphIJJ7n4TDcVUAfviRwQBnmZAbfZlC+XFwWDUaR7raEDQPxWctpccmE0JQ==

graphql@^16.3.0-canary.pr.2839.9c3b21ca34d760070b76424327061e6b4ad26f05:
  version "16.3.0-canary.pr.2839.9c3b21ca34d760070b76424327061e6b4ad26f05"
  resolved "https://registry.yarnpkg.com/graphql/-/graphql-16.3.0-canary.pr.2839.9c3b21ca34d760070b76424327061e6b4ad26f05.tgz#ca99722c7f589529b362d7cf9aebfe90b3e833e4"
  integrity sha512-rMgqk5zPJLYQ6gqZBLDGHrdDCqnTB17l/CnQx5tvOpWxz3o5Z1BK4GJ748qs4yF2/oCH8I2h+fR0ClG8kJk6JQ==

husky@^7.0.4:
  version "7.0.4"
  resolved "https://registry.yarnpkg.com/husky/-/husky-7.0.4.tgz#242048245dc49c8fb1bf0cc7cfb98dd722531535"
  integrity sha512-vbaCKN2QLtP/vD4yvs6iz6hBEo6wkSzs8HpRah1Z6aGmF2KW5PdYuAd7uX5a+OyBZHBhd+TFLqgjUgytQr4RvQ==

node-domexception@1.0.0:
  version "1.0.0"
  resolved "https://registry.yarnpkg.com/node-domexception/-/node-domexception-1.0.0.tgz#6888db46a1f71c0b76b3f7555016b63fe64766e5"
  integrity sha512-/jKZoMpw0F8GRwl4/eLROPA3cfcXtLApP0QzLmUT/HuPCZWyB7IY9ZrMeKw2O/nFIqPQB3PVM9aYm0F312AXDQ==

node-fetch@^2.6.7:
  version "2.6.7"
  resolved "https://registry.yarnpkg.com/node-fetch/-/node-fetch-2.6.7.tgz#24de9fba827e3b4ae44dc8b20256a379160052ad"
  integrity sha512-ZjMPFEfVx5j+y2yF35Kzx5sF7kDzxuDj6ziH4FFbOp87zKDZNx8yExJIb05OGF4Nlt9IHFIMBkRl41VdvcNdbQ==
  dependencies:
    whatwg-url "^5.0.0"

streamsearch@^1.1.0:
  version "1.1.0"
  resolved "https://registry.yarnpkg.com/streamsearch/-/streamsearch-1.1.0.tgz#404dd1e2247ca94af554e841a8ef0eaa238da764"
  integrity sha512-Mcc5wHehp9aXz1ax6bZUyY5afg9u2rv5cqQI3mRrYkGC8rW2hM02jWuwjtL++LS5qinSyhj2QfLyNsuc+VsExg==

tiny-lru@7.0.6:
  version "7.0.6"
  resolved "https://registry.yarnpkg.com/tiny-lru/-/tiny-lru-7.0.6.tgz#b0c3cdede1e5882aa2d1ae21cb2ceccf2a331f24"
  integrity sha512-zNYO0Kvgn5rXzWpL0y3RS09sMK67eGaQj9805jlK9G6pSadfriTczzLHFXa/xcW4mIRfmlB9HyQ/+SgL0V1uow==

tr46@~0.0.3:
  version "0.0.3"
  resolved "https://registry.yarnpkg.com/tr46/-/tr46-0.0.3.tgz#8184fd347dac9cdc185992f3a6622e14b9d9ab6a"
  integrity sha1-gYT9NH2snNwYWZLzpmIuFLnZq2o=

tslib@^2.3.1, tslib@~2.3.0:
  version "2.3.1"
  resolved "https://registry.yarnpkg.com/tslib/-/tslib-2.3.1.tgz#e8a335add5ceae51aa261d32a490158ef042ef01"
  integrity sha512-77EbyPPpMz+FRFRuAFlWMtmgUWGe9UOG2Z25NqCwiIjRhOf5iKGuzSe5P2w1laq+FkRy4p+PCuVkJSGkzTEKVw==

typescript@^4.6.3:
  version "4.6.3"
  resolved "https://registry.yarnpkg.com/typescript/-/typescript-4.6.3.tgz#eefeafa6afdd31d725584c67a0eaba80f6fc6c6c"
  integrity sha512-yNIatDa5iaofVozS/uQJEl3JRWLKKGJKh6Yaiv0GLGSuhpFJe7P3SbHZ8/yjAHRQwKRoA6YZqlfjXWmVzoVSMw==

undici@^5.1.0:
  version "5.3.0"
  resolved "https://registry.yarnpkg.com/undici/-/undici-5.3.0.tgz#869d47bafa7f72ccaf8738258f0283bf3dd179ca"
  integrity sha512-8LxC/xmR2GCE4q1heE1sJxVnnf5S6yQ2dObvMFBBWkB8aQlaqNuWovgRFWRMB7KUdLPGZfOTTmUeeLEJYX56iQ==

value-or-promise@1.0.11:
  version "1.0.11"
  resolved "https://registry.yarnpkg.com/value-or-promise/-/value-or-promise-1.0.11.tgz#3e90299af31dd014fe843fe309cefa7c1d94b140"
  integrity sha512-41BrgH+dIbCFXClcSapVs5M6GkENd3gQOJpEfPDNa71LsUGMXDL0jMWpI/Rh7WhX+Aalfz2TTS3Zt5pUsbnhLg==

web-streams-polyfill@4.0.0-beta.1:
  version "4.0.0-beta.1"
  resolved "https://registry.yarnpkg.com/web-streams-polyfill/-/web-streams-polyfill-4.0.0-beta.1.tgz#3b19b9817374b7cee06d374ba7eeb3aeb80e8c95"
  integrity sha512-3ux37gEX670UUphBF9AMCq8XM6iQ8Ac6A+DSRRjDoRBm1ufCkaCDdNVbaqq60PsEkdNlLKrGtv/YBP4EJXqNtQ==

web-streams-polyfill@^3.2.0:
  version "3.2.1"
  resolved "https://registry.yarnpkg.com/web-streams-polyfill/-/web-streams-polyfill-3.2.1.tgz#71c2718c52b45fd49dbeee88634b3a60ceab42a6"
  integrity sha512-e0MO3wdXWKrLbL0DgGnUV7WHVuw9OUvL4hjgnPkIeEvESk74gAITi5G606JtZPp39cd8HA9VQzCIvA49LpPN5Q==

webidl-conversions@^3.0.0:
  version "3.0.1"
  resolved "https://registry.yarnpkg.com/webidl-conversions/-/webidl-conversions-3.0.1.tgz#24534275e2a7bc6be7bc86611cc16ae0a5654871"
  integrity sha1-JFNCdeKnvGvnvIZhHMFq4KVlSHE=

whatwg-url@^5.0.0:
  version "5.0.0"
  resolved "https://registry.yarnpkg.com/whatwg-url/-/whatwg-url-5.0.0.tgz#966454e8765462e37644d3626f6742ce8b70965d"
  integrity sha1-lmRU6HZUYuN2RNNib2dCzotwll0=
  dependencies:
    tr46 "~0.0.3"
    webidl-conversions "^3.0.0"

ws@^8.7.0:
  version "8.7.0"
  resolved "https://registry.yarnpkg.com/ws/-/ws-8.7.0.tgz#eaf9d874b433aa00c0e0d8752532444875db3957"
  integrity sha512-c2gsP0PRwcLFzUiA8Mkr37/MI7ilIlHQxaEAtd0uNMbVMoy8puJyafRlm0bV9MbGSabUPeLrRRaqIBcFcA2Pqg==
